
Microsoft Visual Studio Solution File, Format Version 12.00
# Visual Studio Version 16
VisualStudioVersion = 16.0.31702.278
MinimumVisualStudioVersion = 10.0.40219.1
Project("{FAE04EC0-301F-11D3-BF4B-00C04F79EFBC}") = "sql_veri_tabani", "sql_veri_tabani\sql_veri_tabani.csproj", "{F12ED578-7F92-456C-B07B-7277C2EFC95D}"
EndProject
Global
	GlobalSection(SolutionConfigurationPlatforms) = preSolution
		Debug|Any CPU = Debug|Any CPU
		Release|Any CPU = Release|Any CPU
	EndGlobalSection
	GlobalSection(ProjectConfigurationPlatforms) = postSolution
		{F12ED578-7F92-456C-B07B-7277C2EFC95D}.Debug|Any CPU.ActiveCfg = Debug|Any CPU
		{F12ED578-7F92-456C-B07B-7277C2EFC95D}.Debug|Any CPU.Build.0 = Debug|Any CPU
		{F12ED578-7F92-456C-B07B-7277C2EFC95D}.Release|Any CPU.ActiveCfg = Release|Any CPU
		{F12ED578-7F92-456C-B07B-7277C2EFC95D}.Release|Any CPU.Build.0 = Release|Any CPU
	EndGlobalSection
	GlobalSection(SolutionProperties) = preSolution
		HideSolutionNode = FALSE
	EndGlobalSection
	GlobalSection(ExtensibilityGlobals) = postSolution
		SolutionGuid = {41CB9B13-2D97-4B32-94A6-049F65193B27}
	EndGlobalSection
EndGlobal
